
Microsoft Visual Studio Solution File, Format Version 12.00
# Visual Studio Version 16
VisualStudioVersion = 16.0.29001.49
MinimumVisualStudioVersion = 10.0.40219.1
Project("{FAE04EC0-301F-11D3-BF4B-00C04F79EFBC}") = "Microfono", "Microfono\Microfono.csproj", "{A14B2C92-EB96-46CB-A529-A2132889B4BA}"
EndProject
Global
	GlobalSection(SolutionConfigurationPlatforms) = preSolution
		Debug|Any CPU = Debug|Any CPU
		Release|Any CPU = Release|Any CPU
	EndGlobalSection
	GlobalSection(ProjectConfigurationPlatforms) = postSolution
		{A14B2C92-EB96-46CB-A529-A2132889B4BA}.Debug|Any CPU.ActiveCfg = Debug|Any CPU
		{A14B2C92-EB96-46CB-A529-A2132889B4BA}.Debug|Any CPU.Build.0 = Debug|Any CPU
		{A14B2C92-EB96-46CB-A529-A2132889B4BA}.Release|Any CPU.ActiveCfg = Release|Any CPU
		{A14B2C92-EB96-46CB-A529-A2132889B4BA}.Release|Any CPU.Build.0 = Release|Any CPU
	EndGlobalSection
	GlobalSection(SolutionProperties) = preSolution
		HideSolutionNode = FALSE
	EndGlobalSection
	GlobalSection(ExtensibilityGlobals) = postSolution
		SolutionGuid = {1E5571B3-018F-4AE3-B400-FA47A4AD12E3}
	EndGlobalSection
EndGlobal
